
Microsoft Visual Studio Solution File, Format Version 12.00
# Visual Studio 15
VisualStudioVersion = 15.0.27703.2018
MinimumVisualStudioVersion = 10.0.40219.1
Project("{6EC3EE1D-3C4E-46DD-8F32-0CC8E7565705}") = "SokobanFS.Game", "SokobanFS.Game\SokobanFS.Game.fsproj", "{158D4A93-F897-4607-A4D9-D2731F623C9C}"
EndProject
Project("{6EC3EE1D-3C4E-46DD-8F32-0CC8E7565705}") = "SokobanFS.Game.Tests", "SokobanFS.Game.Tests\SokobanFS.Game.Tests.fsproj", "{522C1011-9C8F-4B1B-98B1-B1660B5EA347}"
EndProject
Project("{6EC3EE1D-3C4E-46DD-8F32-0CC8E7565705}") = "SokobanFS.Lib", "SokobanFS.Lib\SokobanFS.Lib.fsproj", "{E80ED73B-9708-46A8-97BA-2C8F85BB87EF}"
EndProject
Project("{6EC3EE1D-3C4E-46DD-8F32-0CC8E7565705}") = "SokobanFS.Lib.Tests", "SokobanFS.Lib.Tests\SokobanFS.Lib.Tests.fsproj", "{7F4B3395-5236-4050-BE0E-95692A1D90F1}"
EndProject
Global
	GlobalSection(SolutionConfigurationPlatforms) = preSolution
		Debug|Any CPU = Debug|Any CPU
		Release|Any CPU = Release|Any CPU
	EndGlobalSection
	GlobalSection(ProjectConfigurationPlatforms) = postSolution
		{158D4A93-F897-4607-A4D9-D2731F623C9C}.Debug|Any CPU.ActiveCfg = Debug|Any CPU
		{158D4A93-F897-4607-A4D9-D2731F623C9C}.Debug|Any CPU.Build.0 = Debug|Any CPU
		{158D4A93-F897-4607-A4D9-D2731F623C9C}.Release|Any CPU.ActiveCfg = Release|Any CPU
		{158D4A93-F897-4607-A4D9-D2731F623C9C}.Release|Any CPU.Build.0 = Release|Any CPU
		{522C1011-9C8F-4B1B-98B1-B1660B5EA347}.Debug|Any CPU.ActiveCfg = Debug|Any CPU
		{522C1011-9C8F-4B1B-98B1-B1660B5EA347}.Debug|Any CPU.Build.0 = Debug|Any CPU
		{522C1011-9C8F-4B1B-98B1-B1660B5EA347}.Release|Any CPU.ActiveCfg = Release|Any CPU
		{522C1011-9C8F-4B1B-98B1-B1660B5EA347}.Release|Any CPU.Build.0 = Release|Any CPU
		{E80ED73B-9708-46A8-97BA-2C8F85BB87EF}.Debug|Any CPU.ActiveCfg = Debug|Any CPU
		{E80ED73B-9708-46A8-97BA-2C8F85BB87EF}.Debug|Any CPU.Build.0 = Debug|Any CPU
		{E80ED73B-9708-46A8-97BA-2C8F85BB87EF}.Release|Any CPU.ActiveCfg = Release|Any CPU
		{E80ED73B-9708-46A8-97BA-2C8F85BB87EF}.Release|Any CPU.Build.0 = Release|Any CPU
		{7F4B3395-5236-4050-BE0E-95692A1D90F1}.Debug|Any CPU.ActiveCfg = Debug|Any CPU
		{7F4B3395-5236-4050-BE0E-95692A1D90F1}.Debug|Any CPU.Build.0 = Debug|Any CPU
		{7F4B3395-5236-4050-BE0E-95692A1D90F1}.Release|Any CPU.ActiveCfg = Release|Any CPU
		{7F4B3395-5236-4050-BE0E-95692A1D90F1}.Release|Any CPU.Build.0 = Release|Any CPU
	EndGlobalSection
	GlobalSection(SolutionProperties) = preSolution
		HideSolutionNode = FALSE
	EndGlobalSection
	GlobalSection(ExtensibilityGlobals) = postSolution
		SolutionGuid = {A30192B8-D83E-4129-B8AD-987F8D2AC594}
	EndGlobalSection
EndGlobal
